// !$*UTF8*$!
{
	archiveVersion = 1;
	classes = {
	};
	objectVersion = 50;
	objects = {

/* Begin PBXBuildFile section */
		0ED9A8E520E4281100192360 /* AppDelegate.m in Sources */ = {isa = PBXBuildFile; fileRef = 0ED9A8E420E4281100192360 /* AppDelegate.m */; };
		0ED9A8E820E4281100192360 /* ViewController.m in Sources */ = {isa = PBXBuildFile; fileRef = 0ED9A8E720E4281100192360 /* ViewController.m */; };
		0ED9A8EB20E4281100192360 /* Main.storyboard in Resources */ = {isa = PBXBuildFile; fileRef = 0ED9A8E920E4281100192360 /* Main.storyboard */; };
		0ED9A8ED20E4281200192360 /* Assets.xcassets in Resources */ = {isa = PBXBuildFile; fileRef = 0ED9A8EC20E4281200192360 /* Assets.xcassets */; };
		0ED9A8F020E4281200192360 /* LaunchScreen.storyboard in Resources */ = {isa = PBXBuildFile; fileRef = 0ED9A8EE20E4281200192360 /* LaunchScreen.storyboard */; };
		0ED9A8F320E4281200192360 /* main.m in Sources */ = {isa = PBXBuildFile; fileRef = 0ED9A8F220E4281200192360 /* main.m */; };
		0ED9A8FD20E4281200192360 /* TumblrTests.m in Sources */ = {isa = PBXBuildFile; fileRef = 0ED9A8FC20E4281200192360 /* TumblrTests.m */; };
		0ED9A90820E4281200192360 /* TumblrUITests.m in Sources */ = {isa = PBXBuildFile; fileRef = 0ED9A90720E4281200192360 /* TumblrUITests.m */; };
/* End PBXBuildFile section */

/* Begin PBXContainerItemProxy section */
		0ED9A8F920E4281200192360 /* PBXContainerItemProxy */ = {
			isa = PBXContainerItemProxy;
			containerPortal = 0ED9A8D820E4281100192360 /* Project object */;
			proxyType = 1;
			remoteGlobalIDString = 0ED9A8DF20E4281100192360;
			remoteInfo = Tumblr;
		};
		0ED9A90420E4281200192360 /* PBXContainerItemProxy */ = {
			isa = PBXContainerItemProxy;
			containerPortal = 0ED9A8D820E4281100192360 /* Project object */;
			proxyType = 1;
			remoteGlobalIDString = 0ED9A8DF20E4281100192360;
			remoteInfo = Tumblr;
		};
/* End PBXContainerItemProxy section */

/* Begin PBXFileReference section */
		0ED9A8E020E4281100192360 /* Tumblr.app */ = {isa = PBXFileReference; explicitFileType = wrapper.application; includeInIndex = 0; path = Tumblr.app; sourceTree = BUILT_PRODUCTS_DIR; };
		0ED9A8E320E4281100192360 /* AppDelegate.h */ = {isa = PBXFileReference; lastKnownFileType = sourcecode.c.h; path = AppDelegate.h; sourceTree = "<group>"; };
		0ED9A8E420E4281100192360 /* AppDelegate.m */ = {isa = PBXFileReference; lastKnownFileType = sourcecode.c.objc; path = AppDelegate.m; sourceTree = "<group>"; };
		0ED9A8E620E4281100192360 /* ViewController.h */ = {isa = PBXFileReference; lastKnownFileType = sourcecode.c.h; path = ViewController.h; sourceTree = "<group>"; };
		0ED9A8E720E4281100192360 /* ViewController.m */ = {isa = PBXFileReference; lastKnownFileType = sourcecode.c.objc; path = ViewController.m; sourceTree = "<group>"; };
		0ED9A8EA20E4281100192360 /* Base */ = {isa = PBXFileReference; lastKnownFileType = file.storyboard; name = Base; path = Base.lproj/Main.storyboard; sourceTree = "<group>"; };
		0ED9A8EC20E4281200192360 /* Assets.xcassets */ = {isa = PBXFileReference; lastKnownFileType = folder.assetcatalog; path = Assets.xcassets; sourceTree = "<group>"; };
		0ED9A8EF20E4281200192360 /* Base */ = {isa = PBXFileReference; lastKnownFileType = file.storyboard; name = Base; path = Base.lproj/LaunchScreen.storyboard; sourceTree = "<group>"; };
		0ED9A8F120E4281200192360 /* Info.plist */ = {isa = PBXFileReference; lastKnownFileType = text.plist.xml; path = Info.plist; sourceTree = "<group>"; };
		0ED9A8F220E4281200192360 /* main.m */ = {isa = PBXFileReference; lastKnownFileType = sourcecode.c.objc; path = main.m; sourceTree = "<group>"; };
		0ED9A8F820E4281200192360 /* TumblrTests.xctest */ = {isa = PBXFileReference; explicitFileType = wrapper.cfbundle; includeInIndex = 0; path = TumblrTests.xctest; sourceTree = BUILT_PRODUCTS_DIR; };
		0ED9A8FC20E4281200192360 /* TumblrTests.m */ = {isa = PBXFileReference; lastKnownFileType = sourcecode.c.objc; path = TumblrTests.m; sourceTree = "<group>"; };
		0ED9A8FE20E4281200192360 /* Info.plist */ = {isa = PBXFileReference; lastKnownFileType = text.plist.xml; path = Info.plist; sourceTree = "<group>"; };
		0ED9A90320E4281200192360 /* TumblrUITests.xctest */ = {isa = PBXFileReference; explicitFileType = wrapper.cfbundle; includeInIndex = 0; path = TumblrUITests.xctest; sourceTree = BUILT_PRODUCTS_DIR; };
		0ED9A90720E4281200192360 /* TumblrUITests.m */ = {isa = PBXFileReference; lastKnownFileType = sourcecode.c.objc; path = TumblrUITests.m; sourceTree = "<group>"; };
		0ED9A90920E4281200192360 /* Info.plist */ = {isa = PBXFileReference; lastKnownFileType = text.plist.xml; path = Info.plist; sourceTree = "<group>"; };
/* End PBXFileReference section */

/* Begin PBXFrameworksBuildPhase section */
		0ED9A8DD20E4281100192360 /* Frameworks */ = {
			isa = PBXFrameworksBuildPhase;
			buildActionMask = 2147483647;
			files = (
			);
			runOnlyForDeploymentPostprocessing = 0;
		};
		0ED9A8F520E4281200192360 /* Frameworks */ = {
			isa = PBXFrameworksBuildPhase;
			buildActionMask = 2147483647;
			files = (
			);
			runOnlyForDeploymentPostprocessing = 0;
		};
		0ED9A90020E4281200192360 /* Frameworks */ = {
			isa = PBXFrameworksBuildPhase;
			buildActionMask = 2147483647;
			files = (
			);
			runOnlyForDeploymentPostprocessing = 0;
		};
/* End PBXFrameworksBuildPhase section */

/* Begin PBXGroup section */
		0ED9A8D720E4281100192360 = {
			isa = PBXGroup;
			children = (
				0ED9A8E220E4281100192360 /* Tumblr */,
				0ED9A8FB20E4281200192360 /* TumblrTests */,
				0ED9A90620E4281200192360 /* TumblrUITests */,
				0ED9A8E120E4281100192360 /* Products */,
			);
			sourceTree = "<group>";
		};
		0ED9A8E120E4281100192360 /* Products */ = {
			isa = PBXGroup;
			children = (
				0ED9A8E020E4281100192360 /* Tumblr.app */,
				0ED9A8F820E4281200192360 /* TumblrTests.xctest */,
				0ED9A90320E4281200192360 /* TumblrUITests.xctest */,
			);
			name = Products;
			sourceTree = "<group>";
		};
		0ED9A8E220E4281100192360 /* Tumblr */ = {
			isa = PBXGroup;
			children = (
				0ED9A8E320E4281100192360 /* AppDelegate.h */,
				0ED9A8E420E4281100192360 /* AppDelegate.m */,
				0ED9A8E620E4281100192360 /* ViewController.h */,
				0ED9A8E720E4281100192360 /* ViewController.m */,
				0ED9A8E920E4281100192360 /* Main.storyboard */,
				0ED9A8EC20E4281200192360 /* Assets.xcassets */,
				0ED9A8EE20E4281200192360 /* LaunchScreen.storyboard */,
				0ED9A8F120E4281200192360 /* Info.plist */,
				0ED9A8F220E4281200192360 /* main.m */,
			);
			path = Tumblr;
			sourceTree = "<group>";
		};
		0ED9A8FB20E4281200192360 /* TumblrTests */ = {
			isa = PBXGroup;
			children = (
				0ED9A8FC20E4281200192360 /* TumblrTests.m */,
				0ED9A8FE20E4281200192360 /* Info.plist */,
			);
			path = TumblrTests;
			sourceTree = "<group>";
		};
		0ED9A90620E4281200192360 /* TumblrUITests */ = {
			isa = PBXGroup;
			children = (
				0ED9A90720E4281200192360 /* TumblrUITests.m */,
				0ED9A90920E4281200192360 /* Info.plist */,
			);
			path = TumblrUITests;
			sourceTree = "<group>";
		};
/* End PBXGroup section */

/* Begin PBXNativeTarget section */
		0ED9A8DF20E4281100192360 /* Tumblr */ = {
			isa = PBXNativeTarget;
			buildConfigurationList = 0ED9A90C20E4281200192360 /* Build configuration list for PBXNativeTarget "Tumblr" */;
			buildPhases = (
				0ED9A8DC20E4281100192360 /* Sources */,
				0ED9A8DD20E4281100192360 /* Frameworks */,
				0ED9A8DE20E4281100192360 /* Resources */,
			);
			buildRules = (
			);
			dependencies = (
			);
			name = Tumblr;
			productName = Tumblr;
			productReference = 0ED9A8E020E4281100192360 /* Tumblr.app */;
			productType = "com.apple.product-type.application";
		};
		0ED9A8F720E4281200192360 /* TumblrTests */ = {
			isa = PBXNativeTarget;
			buildConfigurationList = 0ED9A90F20E4281200192360 /* Build configuration list for PBXNativeTarget "TumblrTests" */;
			buildPhases = (
				0ED9A8F420E4281200192360 /* Sources */,
				0ED9A8F520E4281200192360 /* Frameworks */,
				0ED9A8F620E4281200192360 /* Resources */,
			);
			buildRules = (
			);
			dependencies = (
				0ED9A8FA20E4281200192360 /* PBXTargetDependency */,
			);
			name = TumblrTests;
			productName = TumblrTests;
			productReference = 0ED9A8F820E4281200192360 /* TumblrTests.xctest */;
			productType = "com.apple.product-type.bundle.unit-test";
		};
		0ED9A90220E4281200192360 /* TumblrUITests */ = {
			isa = PBXNativeTarget;
			buildConfigurationList = 0ED9A91220E4281200192360 /* Build configuration list for PBXNativeTarget "TumblrUITests" */;
			buildPhases = (
				0ED9A8FF20E4281200192360 /* Sources */,
				0ED9A90020E4281200192360 /* Frameworks */,
				0ED9A90120E4281200192360 /* Resources */,
			);
			buildRules = (
			);
			dependencies = (
				0ED9A90520E4281200192360 /* PBXTargetDependency */,
			);
			name = TumblrUITests;
			productName = TumblrUITests;
			productReference = 0ED9A90320E4281200192360 /* TumblrUITests.xctest */;
			productType = "com.apple.product-type.bundle.ui-testing";
		};
/* End PBXNativeTarget section */

/* Begin PBXProject section */
		0ED9A8D820E4281100192360 /* Project object */ = {
			isa = PBXProject;
			attributes = {
				LastUpgradeCheck = 0940;
				ORGANIZATIONNAME = "Kimora Kong";
				TargetAttributes = {
					0ED9A8DF20E4281100192360 = {
						CreatedOnToolsVersion = 9.4.1;
					};
					0ED9A8F720E4281200192360 = {
						CreatedOnToolsVersion = 9.4.1;
						TestTargetID = 0ED9A8DF20E4281100192360;
					};
					0ED9A90220E4281200192360 = {
						CreatedOnToolsVersion = 9.4.1;
						TestTargetID = 0ED9A8DF20E4281100192360;
					};
				};
			};
			buildConfigurationList = 0ED9A8DB20E4281100192360 /* Build configuration list for PBXProject "Tumblr" */;
			compatibilityVersion = "Xcode 9.3";
			developmentRegion = en;
			hasScannedForEncodings = 0;
			knownRegions = (
				en,
				Base,
			);
			mainGroup = 0ED9A8D720E4281100192360;
			productRefGroup = 0ED9A8E120E4281100192360 /* Products */;
			projectDirPath = "";
			projectRoot = "";
			targets = (
				0ED9A8DF20E4281100192360 /* Tumblr */,
				0ED9A8F720E4281200192360 /* TumblrTests */,
				0ED9A90220E4281200192360 /* TumblrUITests */,
			);
		};
/* End PBXProject section */

/* Begin PBXResourcesBuildPhase section */
		0ED9A8DE20E4281100192360 /* Resources */ = {
			isa = PBXResourcesBuildPhase;
			buildActionMask = 2147483647;
			files = (
				0ED9A8F020E4281200192360 /* LaunchScreen.storyboard in Resources */,
				0ED9A8ED20E4281200192360 /* Assets.xcassets in Resources */,
				0ED9A8EB20E4281100192360 /* Main.storyboard in Resources */,
			);
			runOnlyForDeploymentPostprocessing = 0;
		};
		0ED9A8F620E4281200192360 /* Resources */ = {
			isa = PBXResourcesBuildPhase;
			buildActionMask = 2147483647;
			files = (
			);
			runOnlyForDeploymentPostprocessing = 0;
		};
		0ED9A90120E4281200192360 /* Resources */ = {
			isa = PBXResourcesBuildPhase;
			buildActionMask = 2147483647;
			files = (
			);
			runOnlyForDeploymentPostprocessing = 0;
		};
/* End PBXResourcesBuildPhase section */

/* Begin PBXSourcesBuildPhase section */
		0ED9A8DC20E4281100192360 /* Sources */ = {
			isa = PBXSourcesBuildPhase;
			buildActionMask = 2147483647;
			files = (
				0ED9A8E820E4281100192360 /* ViewController.m in Sources */,
				0ED9A8F320E4281200192360 /* main.m in Sources */,
				0ED9A8E520E4281100192360 /* AppDelegate.m in Sources */,
			);
			runOnlyForDeploymentPostprocessing = 0;
		};
		0ED9A8F420E4281200192360 /* Sources */ = {
			isa = PBXSourcesBuildPhase;
			buildActionMask = 2147483647;
			files = (
				0ED9A8FD20E4281200192360 /* TumblrTests.m in Sources */,
			);
			runOnlyForDeploymentPostprocessing = 0;
		};
		0ED9A8FF20E4281200192360 /* Sources */ = {
			isa = PBXSourcesBuildPhase;
			buildActionMask = 2147483647;
			files = (
				0ED9A90820E4281200192360 /* TumblrUITests.m in Sources */,
			);
			runOnlyForDeploymentPostprocessing = 0;
		};
/* End PBXSourcesBuildPhase section */

/* Begin PBXTargetDependency section */
		0ED9A8FA20E4281200192360 /* PBXTargetDependency */ = {
			isa = PBXTargetDependency;
			target = 0ED9A8DF20E4281100192360 /* Tumblr */;
			targetProxy = 0ED9A8F920E4281200192360 /* PBXContainerItemProxy */;
		};
		0ED9A90520E4281200192360 /* PBXTargetDependency */ = {
			isa = PBXTargetDependency;
			target = 0ED9A8DF20E4281100192360 /* Tumblr */;
			targetProxy = 0ED9A90420E4281200192360 /* PBXContainerItemProxy */;
		};
/* End PBXTargetDependency section */

/* Begin PBXVariantGroup section */
		0ED9A8E920E4281100192360 /* Main.storyboard */ = {
			isa = PBXVariantGroup;
			children = (
				0ED9A8EA20E4281100192360 /* Base */,
			);
			name = Main.storyboard;
			sourceTree = "<group>";
		};
		0ED9A8EE20E4281200192360 /* LaunchScreen.storyboard */ = {
			isa = PBXVariantGroup;
			children = (
				0ED9A8EF20E4281200192360 /* Base */,
			);
			name = LaunchScreen.storyboard;
			sourceTree = "<group>";
		};
/* End PBXVariantGroup section */

/* Begin XCBuildConfiguration section */
		0ED9A90A20E4281200192360 /* Debug */ = {
			isa = XCBuildConfiguration;
			buildSettings = {
				ALWAYS_SEARCH_USER_PATHS = NO;
				CLANG_ANALYZER_NONNULL = YES;
				CLANG_ANALYZER_NUMBER_OBJECT_CONVERSION = YES_AGGRESSIVE;
				CLANG_CXX_LANGUAGE_STANDARD = "gnu++14";
				CLANG_CXX_LIBRARY = "libc++";
				CLANG_ENABLE_MODULES = YES;
				CLANG_ENABLE_OBJC_ARC = YES;
				CLANG_ENABLE_OBJC_WEAK = YES;
				CLANG_WARN_BLOCK_CAPTURE_AUTORELEASING = YES;
				CLANG_WARN_BOOL_CONVERSION = YES;
				CLANG_WARN_COMMA = YES;
				CLANG_WARN_CONSTANT_CONVERSION = YES;
				CLANG_WARN_DEPRECATED_OBJC_IMPLEMENTATIONS = YES;
				CLANG_WARN_DIRECT_OBJC_ISA_USAGE = YES_ERROR;
				CLANG_WARN_DOCUMENTATION_COMMENTS = YES;
				CLANG_WARN_EMPTY_BODY = YES;
				CLANG_WARN_ENUM_CONVERSION = YES;
				CLANG_WARN_INFINITE_RECURSION = YES;
				CLANG_WARN_INT_CONVERSION = YES;
				CLANG_WARN_NON_LITERAL_NULL_CONVERSION = YES;
				CLANG_WARN_OBJC_IMPLICIT_RETAIN_SELF = YES;
				CLANG_WARN_OBJC_LITERAL_CONVERSION = YES;
				CLANG_WARN_OBJC_ROOT_CLASS = YES_ERROR;
				CLANG_WARN_RANGE_LOOP_ANALYSIS = YES;
				CLANG_WARN_STRICT_PROTOTYPES = YES;
				CLANG_WARN_SUSPICIOUS_MOVE = YES;
				CLANG_WARN_UNGUARDED_AVAILABILITY = YES_AGGRESSIVE;
				CLANG_WARN_UNREACHABLE_CODE = YES;
				CLANG_WARN__DUPLICATE_METHOD_MATCH = YES;
				CODE_SIGN_IDENTITY = "iPhone Developer";
				COPY_PHASE_STRIP = NO;
				DEBUG_INFORMATION_FORMAT = dwarf;
				ENABLE_STRICT_OBJC_MSGSEND = YES;
				ENABLE_TESTABILITY = YES;
				GCC_C_LANGUAGE_STANDARD = gnu11;
				GCC_DYNAMIC_NO_PIC = NO;
				GCC_NO_COMMON_BLOCKS = YES;
				GCC_OPTIMIZATION_LEVEL = 0;
				GCC_PREPROCESSOR_DEFINITIONS = (
					"DEBUG=1",
					"$(inherited)",
				);
				GCC_WARN_64_TO_32_BIT_CONVERSION = YES;
				GCC_WARN_ABOUT_RETURN_TYPE = YES_ERROR;
				GCC_WARN_UNDECLARED_SELECTOR = YES;
				GCC_WARN_UNINITIALIZED_AUTOS = YES_AGGRESSIVE;
				GCC_WARN_UNUSED_FUNCTION = YES;
				GCC_WARN_UNUSED_VARIABLE = YES;
				IPHONEOS_DEPLOYMENT_TARGET = 11.4;
				MTL_ENABLE_DEBUG_INFO = YES;
				ONLY_ACTIVE_ARCH = YES;
				SDKROOT = iphoneos;
			};
			name = Debug;
		};
		0ED9A90B20E4281200192360 /* Release */ = {
			isa = XCBuildConfiguration;
			buildSettings = {
				ALWAYS_SEARCH_USER_PATHS = NO;
				CLANG_ANALYZER_NONNULL = YES;
				CLANG_ANALYZER_NUMBER_OBJECT_CONVERSION = YES_AGGRESSIVE;
				CLANG_CXX_LANGUAGE_STANDARD = "gnu++14";
				CLANG_CXX_LIBRARY = "libc++";
				CLANG_ENABLE_MODULES = YES;
				CLANG_ENABLE_OBJC_ARC = YES;
				CLANG_ENABLE_OBJC_WEAK = YES;
				CLANG_WARN_BLOCK_CAPTURE_AUTORELEASING = YES;
				CLANG_WARN_BOOL_CONVERSION = YES;
				CLANG_WARN_COMMA = YES;
				CLANG_WARN_CONSTANT_CONVERSION = YES;
				CLANG_WARN_DEPRECATED_OBJC_IMPLEMENTATIONS = YES;
				CLANG_WARN_DIRECT_OBJC_ISA_USAGE = YES_ERROR;
				CLANG_WARN_DOCUMENTATION_COMMENTS = YES;
				CLANG_WARN_EMPTY_BODY = YES;
				CLANG_WARN_ENUM_CONVERSION = YES;
				CLANG_WARN_INFINITE_RECURSION = YES;
				CLANG_WARN_INT_CONVERSION = YES;
				CLANG_WARN_NON_LITERAL_NULL_CONVERSION = YES;
				CLANG_WARN_OBJC_IMPLICIT_RETAIN_SELF = YES;
				CLANG_WARN_OBJC_LITERAL_CONVERSION = YES;
				CLANG_WARN_OBJC_ROOT_CLASS = YES_ERROR;
				CLANG_WARN_RANGE_LOOP_ANALYSIS = YES;
				CLANG_WARN_STRICT_PROTOTYPES = YES;
				CLANG_WARN_SUSPICIOUS_MOVE = YES;
				CLANG_WARN_UNGUARDED_AVAILABILITY = YES_AGGRESSIVE;
				CLANG_WARN_UNREACHABLE_CODE = YES;
				CLANG_WARN__DUPLICATE_METHOD_MATCH = YES;
				CODE_SIGN_IDENTITY = "iPhone Developer";
				COPY_PHASE_STRIP = NO;
				DEBUG_INFORMATION_FORMAT = "dwarf-with-dsym";
				ENABLE_NS_ASSERTIONS = NO;
				ENABLE_STRICT_OBJC_MSGSEND = YES;
				GCC_C_LANGUAGE_STANDARD = gnu11;
				GCC_NO_COMMON_BLOCKS = YES;
				GCC_WARN_64_TO_32_BIT_CONVERSION = YES;
				GCC_WARN_ABOUT_RETURN_TYPE = YES_ERROR;
				GCC_WARN_UNDECLARED_SELECTOR = YES;
				GCC_WARN_UNINITIALIZED_AUTOS = YES_AGGRESSIVE;
				GCC_WARN_UNUSED_FUNCTION = YES;
				GCC_WARN_UNUSED_VARIABLE = YES;
				IPHONEOS_DEPLOYMENT_TARGET = 11.4;
				MTL_ENABLE_DEBUG_INFO = NO;
				SDKROOT = iphoneos;
				VALIDATE_PRODUCT = YES;
			};
			name = Release;
		};
		0ED9A90D20E4281200192360 /* Debug */ = {
			isa = XCBuildConfiguration;
			buildSettings = {
				ASSETCATALOG_COMPILER_APPICON_NAME = AppIcon;
				CODE_SIGN_STYLE = Automatic;
				INFOPLIST_FILE = Tumblr/Info.plist;
				LD_RUNPATH_SEARCH_PATHS = (
					"$(inherited)",
					"@executable_path/Frameworks",
				);
				PRODUCT_BUNDLE_IDENTIFIER = com.morakong.Tumblr;
				PRODUCT_NAME = "$(TARGET_NAME)";
				TARGETED_DEVICE_FAMILY = "1,2";
			};
			name = Debug;
		};
		0ED9A90E20E4281200192360 /* Release */ = {
			isa = XCBuildConfiguration;
			buildSettings = {
				ASSETCATALOG_COMPILER_APPICON_NAME = AppIcon;
				CODE_SIGN_STYLE = Automatic;
				INFOPLIST_FILE = Tumblr/Info.plist;
				LD_RUNPATH_SEARCH_PATHS = (
					"$(inherited)",
					"@executable_path/Frameworks",
				);
				PRODUCT_BUNDLE_IDENTIFIER = com.morakong.Tumblr;
				PRODUCT_NAME = "$(TARGET_NAME)";
				TARGETED_DEVICE_FAMILY = "1,2";
			};
			name = Release;
		};
		0ED9A91020E4281200192360 /* Debug */ = {
			isa = XCBuildConfiguration;
			buildSettings = {
				BUNDLE_LOADER = "$(TEST_HOST)";
				CODE_SIGN_STYLE = Automatic;
				INFOPLIST_FILE = TumblrTests/Info.plist;
				LD_RUNPATH_SEARCH_PATHS = (
					"$(inherited)",
					"@executable_path/Frameworks",
					"@loader_path/Frameworks",
				);
				PRODUCT_BUNDLE_IDENTIFIER = com.morakong.TumblrTests;
				PRODUCT_NAME = "$(TARGET_NAME)";
				TARGETED_DEVICE_FAMILY = "1,2";
				TEST_HOST = "$(BUILT_PRODUCTS_DIR)/Tumblr.app/Tumblr";
			};
			name = Debug;
		};
		0ED9A91120E4281200192360 /* Release */ = {
			isa = XCBuildConfiguration;
			buildSettings = {
				BUNDLE_LOADER = "$(TEST_HOST)";
				CODE_SIGN_STYLE = Automatic;
				INFOPLIST_FILE = TumblrTests/Info.plist;
				LD_RUNPATH_SEARCH_PATHS = (
					"$(inherited)",
					"@executable_path/Frameworks",
					"@loader_path/Frameworks",
				);
				PRODUCT_BUNDLE_IDENTIFIER = com.morakong.TumblrTests;
				PRODUCT_NAME = "$(TARGET_NAME)";
				TARGETED_DEVICE_FAMILY = "1,2";
				TEST_HOST = "$(BUILT_PRODUCTS_DIR)/Tumblr.app/Tumblr";
			};
			name = Release;
		};
		0ED9A91320E4281200192360 /* Debug */ = {
			isa = XCBuildConfiguration;
			buildSettings = {
				CODE_SIGN_STYLE = Automatic;
				INFOPLIST_FILE = TumblrUITests/Info.plist;
				LD_RUNPATH_SEARCH_PATHS = (
					"$(inherited)",
					"@executable_path/Frameworks",
					"@loader_path/Frameworks",
				);
				PRODUCT_BUNDLE_IDENTIFIER = com.morakong.TumblrUITests;
				PRODUCT_NAME = "$(TARGET_NAME)";
				TARGETED_DEVICE_FAMILY = "1,2";
				TEST_TARGET_NAME = Tumblr;
			};
			name = Debug;
		};
		0ED9A91420E4281200192360 /* Release */ = {
			isa = XCBuildConfiguration;
			buildSettings = {
				CODE_SIGN_STYLE = Automatic;
				INFOPLIST_FILE = TumblrUITests/Info.plist;
				LD_RUNPATH_SEARCH_PATHS = (
					"$(inherited)",
					"@executable_path/Frameworks",
					"@loader_path/Frameworks",
				);
				PRODUCT_BUNDLE_IDENTIFIER = com.morakong.TumblrUITests;
				PRODUCT_NAME = "$(TARGET_NAME)";
				TARGETED_DEVICE_FAMILY = "1,2";
				TEST_TARGET_NAME = Tumblr;
			};
			name = Release;
		};
/* End XCBuildConfiguration section */

/* Begin XCConfigurationList section */
		0ED9A8DB20E4281100192360 /* Build configuration list for PBXProject "Tumblr" */ = {
			isa = XCConfigurationList;
			buildConfigurations = (
				0ED9A90A20E4281200192360 /* Debug */,
				0ED9A90B20E4281200192360 /* Release */,
			);
			defaultConfigurationIsVisible = 0;
			defaultConfigurationName = Release;
		};
		0ED9A90C20E4281200192360 /* Build configuration list for PBXNativeTarget "Tumblr" */ = {
			isa = XCConfigurationList;
			buildConfigurations = (
				0ED9A90D20E4281200192360 /* Debug */,
				0ED9A90E20E4281200192360 /* Release */,
			);
			defaultConfigurationIsVisible = 0;
			defaultConfigurationName = Release;
		};
		0ED9A90F20E4281200192360 /* Build configuration list for PBXNativeTarget "TumblrTests" */ = {
			isa = XCConfigurationList;
			buildConfigurations = (
				0ED9A91020E4281200192360 /* Debug */,
				0ED9A91120E4281200192360 /* Release */,
			);
			defaultConfigurationIsVisible = 0;
			defaultConfigurationName = Release;
		};
		0ED9A91220E4281200192360 /* Build configuration list for PBXNativeTarget "TumblrUITests" */ = {
			isa = XCConfigurationList;
			buildConfigurations = (
				0ED9A91320E4281200192360 /* Debug */,
				0ED9A91420E4281200192360 /* Release */,
			);
			defaultConfigurationIsVisible = 0;
			defaultConfigurationName = Release;
		};
/* End XCConfigurationList section */
	};
	rootObject = 0ED9A8D820E4281100192360 /* Project object */;
}
